
Microsoft Visual Studio Solution File, Format Version 12.00
# Visual Studio Version 16
VisualStudioVersion = 16.0.31112.23
MinimumVisualStudioVersion = 10.0.40219.1
Project("{FAE04EC0-301F-11D3-BF4B-00C04F79EFBC}") = "FizzBuzz", "FizzBuzz.csproj", "{6281F8B1-439C-48AE-A4C8-EBFB73CB5C52}"
EndProject
Project("{FAE04EC0-301F-11D3-BF4B-00C04F79EFBC}") = "FizzBuzzTest", "..\FizzBuzzTest\FizzBuzzTest.csproj", "{7D18658D-DEB9-48B6-A28D-8DC6FA5AF9B6}"
EndProject
Global
	GlobalSection(SolutionConfigurationPlatforms) = preSolution
		Debug|Any CPU = Debug|Any CPU
		Release|Any CPU = Release|Any CPU
	EndGlobalSection
	GlobalSection(ProjectConfigurationPlatforms) = postSolution
		{6281F8B1-439C-48AE-A4C8-EBFB73CB5C52}.Debug|Any CPU.ActiveCfg = Debug|Any CPU
		{6281F8B1-439C-48AE-A4C8-EBFB73CB5C52}.Debug|Any CPU.Build.0 = Debug|Any CPU
		{6281F8B1-439C-48AE-A4C8-EBFB73CB5C52}.Release|Any CPU.ActiveCfg = Release|Any CPU
		{6281F8B1-439C-48AE-A4C8-EBFB73CB5C52}.Release|Any CPU.Build.0 = Release|Any CPU
		{7D18658D-DEB9-48B6-A28D-8DC6FA5AF9B6}.Debug|Any CPU.ActiveCfg = Debug|Any CPU
		{7D18658D-DEB9-48B6-A28D-8DC6FA5AF9B6}.Debug|Any CPU.Build.0 = Debug|Any CPU
		{7D18658D-DEB9-48B6-A28D-8DC6FA5AF9B6}.Release|Any CPU.ActiveCfg = Release|Any CPU
		{7D18658D-DEB9-48B6-A28D-8DC6FA5AF9B6}.Release|Any CPU.Build.0 = Release|Any CPU
	EndGlobalSection
	GlobalSection(SolutionProperties) = preSolution
		HideSolutionNode = FALSE
	EndGlobalSection
	GlobalSection(ExtensibilityGlobals) = postSolution
		SolutionGuid = {C4880FBE-30FA-4741-B720-A2A5AF5A03C5}
	EndGlobalSection
EndGlobal
