
Microsoft Visual Studio Solution File, Format Version 12.00
# Visual Studio Version 16
VisualStudioVersion = 16.0.31112.23
MinimumVisualStudioVersion = 10.0.40219.1
Project("{FAE04EC0-301F-11D3-BF4B-00C04F79EFBC}") = "lab_09_exceptions", "lab_09_exceptions.csproj", "{A5A142F4-AB10-4760-960F-DC1FE9128BE4}"
EndProject
Project("{FAE04EC0-301F-11D3-BF4B-00C04F79EFBC}") = "lab_09_exceptions_tests", "..\lab_09_exceptions_tests\lab_09_exceptions_tests.csproj", "{715B7D5C-ABDB-4E8F-81DF-F8171A73CB36}"
EndProject
Global
	GlobalSection(SolutionConfigurationPlatforms) = preSolution
		Debug|Any CPU = Debug|Any CPU
		Release|Any CPU = Release|Any CPU
	EndGlobalSection
	GlobalSection(ProjectConfigurationPlatforms) = postSolution
		{A5A142F4-AB10-4760-960F-DC1FE9128BE4}.Debug|Any CPU.ActiveCfg = Debug|Any CPU
		{A5A142F4-AB10-4760-960F-DC1FE9128BE4}.Debug|Any CPU.Build.0 = Debug|Any CPU
		{A5A142F4-AB10-4760-960F-DC1FE9128BE4}.Release|Any CPU.ActiveCfg = Release|Any CPU
		{A5A142F4-AB10-4760-960F-DC1FE9128BE4}.Release|Any CPU.Build.0 = Release|Any CPU
		{715B7D5C-ABDB-4E8F-81DF-F8171A73CB36}.Debug|Any CPU.ActiveCfg = Debug|Any CPU
		{715B7D5C-ABDB-4E8F-81DF-F8171A73CB36}.Debug|Any CPU.Build.0 = Debug|Any CPU
		{715B7D5C-ABDB-4E8F-81DF-F8171A73CB36}.Release|Any CPU.ActiveCfg = Release|Any CPU
		{715B7D5C-ABDB-4E8F-81DF-F8171A73CB36}.Release|Any CPU.Build.0 = Release|Any CPU
	EndGlobalSection
	GlobalSection(SolutionProperties) = preSolution
		HideSolutionNode = FALSE
	EndGlobalSection
	GlobalSection(ExtensibilityGlobals) = postSolution
		SolutionGuid = {687BED1E-A4C9-4DF5-8D8A-A9A7AEE313D5}
	EndGlobalSection
EndGlobal
