
Microsoft Visual Studio Solution File, Format Version 12.00
# Visual Studio Version 16
VisualStudioVersion = 16.0.31112.23
MinimumVisualStudioVersion = 10.0.40219.1
Project("{FAE04EC0-301F-11D3-BF4B-00C04F79EFBC}") = "ComparingObjects", "ComparingObjects.csproj", "{393E674B-C72A-4DE0-8A2D-FD8D63CA615D}"
EndProject
Global
	GlobalSection(SolutionConfigurationPlatforms) = preSolution
		Debug|Any CPU = Debug|Any CPU
		Release|Any CPU = Release|Any CPU
	EndGlobalSection
	GlobalSection(ProjectConfigurationPlatforms) = postSolution
		{393E674B-C72A-4DE0-8A2D-FD8D63CA615D}.Debug|Any CPU.ActiveCfg = Debug|Any CPU
		{393E674B-C72A-4DE0-8A2D-FD8D63CA615D}.Debug|Any CPU.Build.0 = Debug|Any CPU
		{393E674B-C72A-4DE0-8A2D-FD8D63CA615D}.Release|Any CPU.ActiveCfg = Release|Any CPU
		{393E674B-C72A-4DE0-8A2D-FD8D63CA615D}.Release|Any CPU.Build.0 = Release|Any CPU
	EndGlobalSection
	GlobalSection(SolutionProperties) = preSolution
		HideSolutionNode = FALSE
	EndGlobalSection
	GlobalSection(ExtensibilityGlobals) = postSolution
		SolutionGuid = {7199CE81-B00C-46BA-9DB3-929233877292}
	EndGlobalSection
EndGlobal
