
Microsoft Visual Studio Solution File, Format Version 12.00
# Visual Studio Version 16
VisualStudioVersion = 16.0.31112.23
MinimumVisualStudioVersion = 10.0.40219.1
Project("{FAE04EC0-301F-11D3-BF4B-00C04F79EFBC}") = "lab_04_methods_unittesting", "lab_04_methods_unittesting.csproj", "{FBCF155E-E8CA-4BEC-9591-BAF9ED4CAACF}"
EndProject
Project("{FAE04EC0-301F-11D3-BF4B-00C04F79EFBC}") = "lab_04_methods_unittesting_tests", "..\lab_04_methods_unittesting_tests\lab_04_methods_unittesting_tests.csproj", "{E40A7693-94C1-497E-A013-7DC5E1C83A62}"
EndProject
Global
	GlobalSection(SolutionConfigurationPlatforms) = preSolution
		Debug|Any CPU = Debug|Any CPU
		Release|Any CPU = Release|Any CPU
	EndGlobalSection
	GlobalSection(ProjectConfigurationPlatforms) = postSolution
		{FBCF155E-E8CA-4BEC-9591-BAF9ED4CAACF}.Debug|Any CPU.ActiveCfg = Debug|Any CPU
		{FBCF155E-E8CA-4BEC-9591-BAF9ED4CAACF}.Debug|Any CPU.Build.0 = Debug|Any CPU
		{FBCF155E-E8CA-4BEC-9591-BAF9ED4CAACF}.Release|Any CPU.ActiveCfg = Release|Any CPU
		{FBCF155E-E8CA-4BEC-9591-BAF9ED4CAACF}.Release|Any CPU.Build.0 = Release|Any CPU
		{E40A7693-94C1-497E-A013-7DC5E1C83A62}.Debug|Any CPU.ActiveCfg = Debug|Any CPU
		{E40A7693-94C1-497E-A013-7DC5E1C83A62}.Debug|Any CPU.Build.0 = Debug|Any CPU
		{E40A7693-94C1-497E-A013-7DC5E1C83A62}.Release|Any CPU.ActiveCfg = Release|Any CPU
		{E40A7693-94C1-497E-A013-7DC5E1C83A62}.Release|Any CPU.Build.0 = Release|Any CPU
	EndGlobalSection
	GlobalSection(SolutionProperties) = preSolution
		HideSolutionNode = FALSE
	EndGlobalSection
	GlobalSection(ExtensibilityGlobals) = postSolution
		SolutionGuid = {3F0801D7-3F07-43E8-9E9C-9BD445AA5CC4}
	EndGlobalSection
EndGlobal
